
Microsoft Visual Studio Solution File, Format Version 12.00
# Visual Studio Version 17
VisualStudioVersion = 17.5.002.0
MinimumVisualStudioVersion = 10.0.40219.1
Project("{9A19103F-16F7-4668-BE54-9A1E7A4F7556}") = "indx-csharp-console", "indx-csharp-console.csproj", "{A122523B-0D83-486D-8D72-43390329A24E}"
EndProject
Global
	GlobalSection(SolutionConfigurationPlatforms) = preSolution
		Debug|Any CPU = Debug|Any CPU
		Release|Any CPU = Release|Any CPU
	EndGlobalSection
	GlobalSection(ProjectConfigurationPlatforms) = postSolution
		{A122523B-0D83-486D-8D72-43390329A24E}.Debug|Any CPU.ActiveCfg = Debug|Any CPU
		{A122523B-0D83-486D-8D72-43390329A24E}.Debug|Any CPU.Build.0 = Debug|Any CPU
		{A122523B-0D83-486D-8D72-43390329A24E}.Release|Any CPU.ActiveCfg = Release|Any CPU
		{A122523B-0D83-486D-8D72-43390329A24E}.Release|Any CPU.Build.0 = Release|Any CPU
	EndGlobalSection
	GlobalSection(SolutionProperties) = preSolution
		HideSolutionNode = FALSE
	EndGlobalSection
	GlobalSection(ExtensibilityGlobals) = postSolution
		SolutionGuid = {C4B74066-0099-4480-B3AC-72080C6EBB96}
	EndGlobalSection
EndGlobal
